
Microsoft Visual Studio Solution File, Format Version 12.00
# Visual Studio Version 17
VisualStudioVersion = 17.3.32929.385
MinimumVisualStudioVersion = 10.0.40219.1
Project("{FAE04EC0-301F-11D3-BF4B-00C04F79EFBC}") = "Oficina", "Oficina\Oficina.csproj", "{C0235B0A-A89B-437C-A0CF-6DA61AF7E13A}"
EndProject
Project("{FAE04EC0-301F-11D3-BF4B-00C04F79EFBC}") = "Models", "Models\Models.csproj", "{50A90DDD-8D1D-4CA2-BB2A-5885269E50BF}"
EndProject
Global
	GlobalSection(SolutionConfigurationPlatforms) = preSolution
		Debug|Any CPU = Debug|Any CPU
		Release|Any CPU = Release|Any CPU
	EndGlobalSection
	GlobalSection(ProjectConfigurationPlatforms) = postSolution
		{C0235B0A-A89B-437C-A0CF-6DA61AF7E13A}.Debug|Any CPU.ActiveCfg = Debug|Any CPU
		{C0235B0A-A89B-437C-A0CF-6DA61AF7E13A}.Debug|Any CPU.Build.0 = Debug|Any CPU
		{C0235B0A-A89B-437C-A0CF-6DA61AF7E13A}.Release|Any CPU.ActiveCfg = Release|Any CPU
		{C0235B0A-A89B-437C-A0CF-6DA61AF7E13A}.Release|Any CPU.Build.0 = Release|Any CPU
		{50A90DDD-8D1D-4CA2-BB2A-5885269E50BF}.Debug|Any CPU.ActiveCfg = Debug|Any CPU
		{50A90DDD-8D1D-4CA2-BB2A-5885269E50BF}.Debug|Any CPU.Build.0 = Debug|Any CPU
		{50A90DDD-8D1D-4CA2-BB2A-5885269E50BF}.Release|Any CPU.ActiveCfg = Release|Any CPU
		{50A90DDD-8D1D-4CA2-BB2A-5885269E50BF}.Release|Any CPU.Build.0 = Release|Any CPU
	EndGlobalSection
	GlobalSection(SolutionProperties) = preSolution
		HideSolutionNode = FALSE
	EndGlobalSection
	GlobalSection(ExtensibilityGlobals) = postSolution
		SolutionGuid = {3083DC39-8164-41EE-8EE3-7764BB85F70D}
	EndGlobalSection
EndGlobal
